// !$*UTF8*$!
{
	archiveVersion = 1;
	classes = {
	};
	objectVersion = 46;
	objects = {

/* Begin PBXBuildFile section */
		2CC1AE0A17F9CDC500CC6D12 /* UIKit.framework in Frameworks */ = {isa = PBXBuildFile; fileRef = 2CC1AE0917F9CDC500CC6D12 /* UIKit.framework */; };
		2CC1AE0C17F9CDC500CC6D12 /* Foundation.framework in Frameworks */ = {isa = PBXBuildFile; fileRef = 2CC1AE0B17F9CDC500CC6D12 /* Foundation.framework */; };
		2CC1AE0E17F9CDC500CC6D12 /* CoreGraphics.framework in Frameworks */ = {isa = PBXBuildFile; fileRef = 2CC1AE0D17F9CDC500CC6D12 /* CoreGraphics.framework */; };
		2CC1AE1417F9CDC500CC6D12 /* InfoPlist.strings in Resources */ = {isa = PBXBuildFile; fileRef = 2CC1AE1217F9CDC500CC6D12 /* InfoPlist.strings */; };
		2CC1AE1617F9CDC500CC6D12 /* main.m in Sources */ = {isa = PBXBuildFile; fileRef = 2CC1AE1517F9CDC500CC6D12 /* main.m */; };
		2CC1AE1A17F9CDC600CC6D12 /* AppDelegate.m in Sources */ = {isa = PBXBuildFile; fileRef = 2CC1AE1917F9CDC600CC6D12 /* AppDelegate.m */; };
		2CC1AE1C17F9CDC600CC6D12 /* Default.png in Resources */ = {isa = PBXBuildFile; fileRef = 2CC1AE1B17F9CDC600CC6D12 /* Default.png */; };
		2CC1AE1E17F9CDC600CC6D12 /* Default@2x.png in Resources */ = {isa = PBXBuildFile; fileRef = 2CC1AE1D17F9CDC600CC6D12 /* Default@2x.png */; };
		2CC1AE2017F9CDC600CC6D12 /* Default-568h@2x.png in Resources */ = {isa = PBXBuildFile; fileRef = 2CC1AE1F17F9CDC600CC6D12 /* Default-568h@2x.png */; };
		2CC1AE2317F9CDC600CC6D12 /* MainStoryboard.storyboard in Resources */ = {isa = PBXBuildFile; fileRef = 2CC1AE2117F9CDC600CC6D12 /* MainStoryboard.storyboard */; };
		2CC1AE2617F9CDC600CC6D12 /* ViewController.m in Sources */ = {isa = PBXBuildFile; fileRef = 2CC1AE2517F9CDC600CC6D12 /* ViewController.m */; };
		2CC1AE2E17F9CDC600CC6D12 /* SenTestingKit.framework in Frameworks */ = {isa = PBXBuildFile; fileRef = 2CC1AE2D17F9CDC600CC6D12 /* SenTestingKit.framework */; };
		2CC1AE2F17F9CDC600CC6D12 /* UIKit.framework in Frameworks */ = {isa = PBXBuildFile; fileRef = 2CC1AE0917F9CDC500CC6D12 /* UIKit.framework */; };
		2CC1AE3017F9CDC600CC6D12 /* Foundation.framework in Frameworks */ = {isa = PBXBuildFile; fileRef = 2CC1AE0B17F9CDC500CC6D12 /* Foundation.framework */; };
		2CC1AE3817F9CDC600CC6D12 /* InfoPlist.strings in Resources */ = {isa = PBXBuildFile; fileRef = 2CC1AE3617F9CDC600CC6D12 /* InfoPlist.strings */; };
		2CC1AE3B17F9CDC600CC6D12 /* resttestTests.m in Sources */ = {isa = PBXBuildFile; fileRef = 2CC1AE3A17F9CDC600CC6D12 /* resttestTests.m */; };
/* End PBXBuildFile section */

/* Begin PBXContainerItemProxy section */
		2CC1AE3117F9CDC600CC6D12 /* PBXContainerItemProxy */ = {
			isa = PBXContainerItemProxy;
			containerPortal = 2CC1ADFE17F9CDC500CC6D12 /* Project object */;
			proxyType = 1;
			remoteGlobalIDString = 2CC1AE0517F9CDC500CC6D12;
			remoteInfo = resttest;
		};
/* End PBXContainerItemProxy section */

/* Begin PBXFileReference section */
		2CC1AE0617F9CDC500CC6D12 /* resttest.app */ = {isa = PBXFileReference; explicitFileType = wrapper.application; includeInIndex = 0; path = resttest.app; sourceTree = BUILT_PRODUCTS_DIR; };
		2CC1AE0917F9CDC500CC6D12 /* UIKit.framework */ = {isa = PBXFileReference; lastKnownFileType = wrapper.framework; name = UIKit.framework; path = System/Library/Frameworks/UIKit.framework; sourceTree = SDKROOT; };
		2CC1AE0B17F9CDC500CC6D12 /* Foundation.framework */ = {isa = PBXFileReference; lastKnownFileType = wrapper.framework; name = Foundation.framework; path = System/Library/Frameworks/Foundation.framework; sourceTree = SDKROOT; };
		2CC1AE0D17F9CDC500CC6D12 /* CoreGraphics.framework */ = {isa = PBXFileReference; lastKnownFileType = wrapper.framework; name = CoreGraphics.framework; path = System/Library/Frameworks/CoreGraphics.framework; sourceTree = SDKROOT; };
		2CC1AE1117F9CDC500CC6D12 /* resttest-Info.plist */ = {isa = PBXFileReference; lastKnownFileType = text.plist.xml; path = "resttest-Info.plist"; sourceTree = "<group>"; };
		2CC1AE1317F9CDC500CC6D12 /* en */ = {isa = PBXFileReference; lastKnownFileType = text.plist.strings; name = en; path = en.lproj/InfoPlist.strings; sourceTree = "<group>"; };
		2CC1AE1517F9CDC500CC6D12 /* main.m */ = {isa = PBXFileReference; lastKnownFileType = sourcecode.c.objc; path = main.m; sourceTree = "<group>"; };
		2CC1AE1717F9CDC600CC6D12 /* resttest-Prefix.pch */ = {isa = PBXFileReference; lastKnownFileType = sourcecode.c.h; path = "resttest-Prefix.pch"; sourceTree = "<group>"; };
		2CC1AE1817F9CDC600CC6D12 /* AppDelegate.h */ = {isa = PBXFileReference; lastKnownFileType = sourcecode.c.h; path = AppDelegate.h; sourceTree = "<group>"; };
		2CC1AE1917F9CDC600CC6D12 /* AppDelegate.m */ = {isa = PBXFileReference; lastKnownFileType = sourcecode.c.objc; path = AppDelegate.m; sourceTree = "<group>"; };
		2CC1AE1B17F9CDC600CC6D12 /* Default.png */ = {isa = PBXFileReference; lastKnownFileType = image.png; path = Default.png; sourceTree = "<group>"; };
		2CC1AE1D17F9CDC600CC6D12 /* Default@2x.png */ = {isa = PBXFileReference; lastKnownFileType = image.png; path = "Default@2x.png"; sourceTree = "<group>"; };
		2CC1AE1F17F9CDC600CC6D12 /* Default-568h@2x.png */ = {isa = PBXFileReference; lastKnownFileType = image.png; path = "Default-568h@2x.png"; sourceTree = "<group>"; };
		2CC1AE2217F9CDC600CC6D12 /* en */ = {isa = PBXFileReference; lastKnownFileType = file.storyboard; name = en; path = en.lproj/MainStoryboard.storyboard; sourceTree = "<group>"; };
		2CC1AE2417F9CDC600CC6D12 /* ViewController.h */ = {isa = PBXFileReference; lastKnownFileType = sourcecode.c.h; path = ViewController.h; sourceTree = "<group>"; };
		2CC1AE2517F9CDC600CC6D12 /* ViewController.m */ = {isa = PBXFileReference; lastKnownFileType = sourcecode.c.objc; path = ViewController.m; sourceTree = "<group>"; };
		2CC1AE2C17F9CDC600CC6D12 /* resttestTests.octest */ = {isa = PBXFileReference; explicitFileType = wrapper.cfbundle; includeInIndex = 0; path = resttestTests.octest; sourceTree = BUILT_PRODUCTS_DIR; };
		2CC1AE2D17F9CDC600CC6D12 /* SenTestingKit.framework */ = {isa = PBXFileReference; lastKnownFileType = wrapper.framework; name = SenTestingKit.framework; path = Library/Frameworks/SenTestingKit.framework; sourceTree = DEVELOPER_DIR; };
		2CC1AE3517F9CDC600CC6D12 /* resttestTests-Info.plist */ = {isa = PBXFileReference; lastKnownFileType = text.plist.xml; path = "resttestTests-Info.plist"; sourceTree = "<group>"; };
		2CC1AE3717F9CDC600CC6D12 /* en */ = {isa = PBXFileReference; lastKnownFileType = text.plist.strings; name = en; path = en.lproj/InfoPlist.strings; sourceTree = "<group>"; };
		2CC1AE3917F9CDC600CC6D12 /* resttestTests.h */ = {isa = PBXFileReference; lastKnownFileType = sourcecode.c.h; path = resttestTests.h; sourceTree = "<group>"; };
		2CC1AE3A17F9CDC600CC6D12 /* resttestTests.m */ = {isa = PBXFileReference; lastKnownFileType = sourcecode.c.objc; path = resttestTests.m; sourceTree = "<group>"; };
/* End PBXFileReference section */

/* Begin PBXFrameworksBuildPhase section */
		2CC1AE0317F9CDC500CC6D12 /* Frameworks */ = {
			isa = PBXFrameworksBuildPhase;
			buildActionMask = 2147483647;
			files = (
				2CC1AE0A17F9CDC500CC6D12 /* UIKit.framework in Frameworks */,
				2CC1AE0C17F9CDC500CC6D12 /* Foundation.framework in Frameworks */,
				2CC1AE0E17F9CDC500CC6D12 /* CoreGraphics.framework in Frameworks */,
			);
			runOnlyForDeploymentPostprocessing = 0;
		};
		2CC1AE2817F9CDC600CC6D12 /* Frameworks */ = {
			isa = PBXFrameworksBuildPhase;
			buildActionMask = 2147483647;
			files = (
				2CC1AE2E17F9CDC600CC6D12 /* SenTestingKit.framework in Frameworks */,
				2CC1AE2F17F9CDC600CC6D12 /* UIKit.framework in Frameworks */,
				2CC1AE3017F9CDC600CC6D12 /* Foundation.framework in Frameworks */,
			);
			runOnlyForDeploymentPostprocessing = 0;
		};
/* End PBXFrameworksBuildPhase section */

/* Begin PBXGroup section */
		2CC1ADFD17F9CDC500CC6D12 = {
			isa = PBXGroup;
			children = (
				2CC1AE0F17F9CDC500CC6D12 /* resttest */,
				2CC1AE3317F9CDC600CC6D12 /* resttestTests */,
				2CC1AE0817F9CDC500CC6D12 /* Frameworks */,
				2CC1AE0717F9CDC500CC6D12 /* Products */,
			);
			sourceTree = "<group>";
		};
		2CC1AE0717F9CDC500CC6D12 /* Products */ = {
			isa = PBXGroup;
			children = (
				2CC1AE0617F9CDC500CC6D12 /* resttest.app */,
				2CC1AE2C17F9CDC600CC6D12 /* resttestTests.octest */,
			);
			name = Products;
			sourceTree = "<group>";
		};
		2CC1AE0817F9CDC500CC6D12 /* Frameworks */ = {
			isa = PBXGroup;
			children = (
				2CC1AE0917F9CDC500CC6D12 /* UIKit.framework */,
				2CC1AE0B17F9CDC500CC6D12 /* Foundation.framework */,
				2CC1AE0D17F9CDC500CC6D12 /* CoreGraphics.framework */,
				2CC1AE2D17F9CDC600CC6D12 /* SenTestingKit.framework */,
			);
			name = Frameworks;
			sourceTree = "<group>";
		};
		2CC1AE0F17F9CDC500CC6D12 /* resttest */ = {
			isa = PBXGroup;
			children = (
				2CC1AE1817F9CDC600CC6D12 /* AppDelegate.h */,
				2CC1AE1917F9CDC600CC6D12 /* AppDelegate.m */,
				2CC1AE2117F9CDC600CC6D12 /* MainStoryboard.storyboard */,
				2CC1AE2417F9CDC600CC6D12 /* ViewController.h */,
				2CC1AE2517F9CDC600CC6D12 /* ViewController.m */,
				2CC1AE1017F9CDC500CC6D12 /* Supporting Files */,
			);
			path = resttest;
			sourceTree = "<group>";
		};
		2CC1AE1017F9CDC500CC6D12 /* Supporting Files */ = {
			isa = PBXGroup;
			children = (
				2CC1AE1117F9CDC500CC6D12 /* resttest-Info.plist */,
				2CC1AE1217F9CDC500CC6D12 /* InfoPlist.strings */,
				2CC1AE1517F9CDC500CC6D12 /* main.m */,
				2CC1AE1717F9CDC600CC6D12 /* resttest-Prefix.pch */,
				2CC1AE1B17F9CDC600CC6D12 /* Default.png */,
				2CC1AE1D17F9CDC600CC6D12 /* Default@2x.png */,
				2CC1AE1F17F9CDC600CC6D12 /* Default-568h@2x.png */,
			);
			name = "Supporting Files";
			sourceTree = "<group>";
		};
		2CC1AE3317F9CDC600CC6D12 /* resttestTests */ = {
			isa = PBXGroup;
			children = (
				2CC1AE3917F9CDC600CC6D12 /* resttestTests.h */,
				2CC1AE3A17F9CDC600CC6D12 /* resttestTests.m */,
				2CC1AE3417F9CDC600CC6D12 /* Supporting Files */,
			);
			path = resttestTests;
			sourceTree = "<group>";
		};
		2CC1AE3417F9CDC600CC6D12 /* Supporting Files */ = {
			isa = PBXGroup;
			children = (
				2CC1AE3517F9CDC600CC6D12 /* resttestTests-Info.plist */,
				2CC1AE3617F9CDC600CC6D12 /* InfoPlist.strings */,
			);
			name = "Supporting Files";
			sourceTree = "<group>";
		};
/* End PBXGroup section */

/* Begin PBXNativeTarget section */
		2CC1AE0517F9CDC500CC6D12 /* resttest */ = {
			isa = PBXNativeTarget;
			buildConfigurationList = 2CC1AE3E17F9CDC600CC6D12 /* Build configuration list for PBXNativeTarget "resttest" */;
			buildPhases = (
				2CC1AE0217F9CDC500CC6D12 /* Sources */,
				2CC1AE0317F9CDC500CC6D12 /* Frameworks */,
				2CC1AE0417F9CDC500CC6D12 /* Resources */,
			);
			buildRules = (
			);
			dependencies = (
			);
			name = resttest;
			productName = resttest;
			productReference = 2CC1AE0617F9CDC500CC6D12 /* resttest.app */;
			productType = "com.apple.product-type.application";
		};
		2CC1AE2B17F9CDC600CC6D12 /* resttestTests */ = {
			isa = PBXNativeTarget;
			buildConfigurationList = 2CC1AE4117F9CDC600CC6D12 /* Build configuration list for PBXNativeTarget "resttestTests" */;
			buildPhases = (
				2CC1AE2717F9CDC600CC6D12 /* Sources */,
				2CC1AE2817F9CDC600CC6D12 /* Frameworks */,
				2CC1AE2917F9CDC600CC6D12 /* Resources */,
				2CC1AE2A17F9CDC600CC6D12 /* ShellScript */,
			);
			buildRules = (
			);
			dependencies = (
				2CC1AE3217F9CDC600CC6D12 /* PBXTargetDependency */,
			);
			name = resttestTests;
			productName = resttestTests;
			productReference = 2CC1AE2C17F9CDC600CC6D12 /* resttestTests.octest */;
			productType = "com.apple.product-type.bundle";
		};
/* End PBXNativeTarget section */

/* Begin PBXProject section */
		2CC1ADFE17F9CDC500CC6D12 /* Project object */ = {
			isa = PBXProject;
			attributes = {
				LastUpgradeCheck = 0460;
				ORGANIZATIONNAME = BenCloud;
			};
			buildConfigurationList = 2CC1AE0117F9CDC500CC6D12 /* Build configuration list for PBXProject "resttest" */;
			compatibilityVersion = "Xcode 3.2";
			developmentRegion = English;
			hasScannedForEncodings = 0;
			knownRegions = (
				en,
			);
			mainGroup = 2CC1ADFD17F9CDC500CC6D12;
			productRefGroup = 2CC1AE0717F9CDC500CC6D12 /* Products */;
			projectDirPath = "";
			projectRoot = "";
			targets = (
				2CC1AE0517F9CDC500CC6D12 /* resttest */,
				2CC1AE2B17F9CDC600CC6D12 /* resttestTests */,
			);
		};
/* End PBXProject section */

/* Begin PBXResourcesBuildPhase section */
		2CC1AE0417F9CDC500CC6D12 /* Resources */ = {
			isa = PBXResourcesBuildPhase;
			buildActionMask = 2147483647;
			files = (
				2CC1AE1417F9CDC500CC6D12 /* InfoPlist.strings in Resources */,
				2CC1AE1C17F9CDC600CC6D12 /* Default.png in Resources */,
				2CC1AE1E17F9CDC600CC6D12 /* Default@2x.png in Resources */,
				2CC1AE2017F9CDC600CC6D12 /* Default-568h@2x.png in Resources */,
				2CC1AE2317F9CDC600CC6D12 /* MainStoryboard.storyboard in Resources */,
			);
			runOnlyForDeploymentPostprocessing = 0;
		};
		2CC1AE2917F9CDC600CC6D12 /* Resources */ = {
			isa = PBXResourcesBuildPhase;
			buildActionMask = 2147483647;
			files = (
				2CC1AE3817F9CDC600CC6D12 /* InfoPlist.strings in Resources */,
			);
			runOnlyForDeploymentPostprocessing = 0;
		};
/* End PBXResourcesBuildPhase section */

/* Begin PBXShellScriptBuildPhase section */
		2CC1AE2A17F9CDC600CC6D12 /* ShellScript */ = {
			isa = PBXShellScriptBuildPhase;
			buildActionMask = 2147483647;
			files = (
			);
			inputPaths = (
			);
			outputPaths = (
			);
			runOnlyForDeploymentPostprocessing = 0;
			shellPath = /bin/sh;
			shellScript = "# Run the unit tests in this test bundle.\n\"${SYSTEM_DEVELOPER_DIR}/Tools/RunUnitTests\"\n";
		};
/* End PBXShellScriptBuildPhase section */

/* Begin PBXSourcesBuildPhase section */
		2CC1AE0217F9CDC500CC6D12 /* Sources */ = {
			isa = PBXSourcesBuildPhase;
			buildActionMask = 2147483647;
			files = (
				2CC1AE1617F9CDC500CC6D12 /* main.m in Sources */,
				2CC1AE1A17F9CDC600CC6D12 /* AppDelegate.m in Sources */,
				2CC1AE2617F9CDC600CC6D12 /* ViewController.m in Sources */,
			);
			runOnlyForDeploymentPostprocessing = 0;
		};
		2CC1AE2717F9CDC600CC6D12 /* Sources */ = {
			isa = PBXSourcesBuildPhase;
			buildActionMask = 2147483647;
			files = (
				2CC1AE3B17F9CDC600CC6D12 /* resttestTests.m in Sources */,
			);
			runOnlyForDeploymentPostprocessing = 0;
		};
/* End PBXSourcesBuildPhase section */

/* Begin PBXTargetDependency section */
		2CC1AE3217F9CDC600CC6D12 /* PBXTargetDependency */ = {
			isa = PBXTargetDependency;
			target = 2CC1AE0517F9CDC500CC6D12 /* resttest */;
			targetProxy = 2CC1AE3117F9CDC600CC6D12 /* PBXContainerItemProxy */;
		};
/* End PBXTargetDependency section */

/* Begin PBXVariantGroup section */
		2CC1AE1217F9CDC500CC6D12 /* InfoPlist.strings */ = {
			isa = PBXVariantGroup;
			children = (
				2CC1AE1317F9CDC500CC6D12 /* en */,
			);
			name = InfoPlist.strings;
			sourceTree = "<group>";
		};
		2CC1AE2117F9CDC600CC6D12 /* MainStoryboard.storyboard */ = {
			isa = PBXVariantGroup;
			children = (
				2CC1AE2217F9CDC600CC6D12 /* en */,
			);
			name = MainStoryboard.storyboard;
			sourceTree = "<group>";
		};
		2CC1AE3617F9CDC600CC6D12 /* InfoPlist.strings */ = {
			isa = PBXVariantGroup;
			children = (
				2CC1AE3717F9CDC600CC6D12 /* en */,
			);
			name = InfoPlist.strings;
			sourceTree = "<group>";
		};
/* End PBXVariantGroup section */

/* Begin XCBuildConfiguration section */
		2CC1AE3C17F9CDC600CC6D12 /* Debug */ = {
			isa = XCBuildConfiguration;
			buildSettings = {
				ALWAYS_SEARCH_USER_PATHS = NO;
				CLANG_CXX_LANGUAGE_STANDARD = "gnu++0x";
				CLANG_CXX_LIBRARY = "libc++";
				CLANG_ENABLE_OBJC_ARC = YES;
				CLANG_WARN_CONSTANT_CONVERSION = YES;
				CLANG_WARN_EMPTY_BODY = YES;
				CLANG_WARN_ENUM_CONVERSION = YES;
				CLANG_WARN_INT_CONVERSION = YES;
				CLANG_WARN__DUPLICATE_METHOD_MATCH = YES;
				"CODE_SIGN_IDENTITY[sdk=iphoneos*]" = "iPhone Developer";
				COPY_PHASE_STRIP = NO;
				GCC_C_LANGUAGE_STANDARD = gnu99;
				GCC_DYNAMIC_NO_PIC = NO;
				GCC_OPTIMIZATION_LEVEL = 0;
				GCC_PREPROCESSOR_DEFINITIONS = (
					"DEBUG=1",
					"$(inherited)",
				);
				GCC_SYMBOLS_PRIVATE_EXTERN = NO;
				GCC_WARN_ABOUT_RETURN_TYPE = YES;
				GCC_WARN_UNINITIALIZED_AUTOS = YES;
				GCC_WARN_UNUSED_VARIABLE = YES;
				IPHONEOS_DEPLOYMENT_TARGET = 6.1;
				ONLY_ACTIVE_ARCH = YES;
				SDKROOT = iphoneos;
			};
			name = Debug;
		};
		2CC1AE3D17F9CDC600CC6D12 /* Release */ = {
			isa = XCBuildConfiguration;
			buildSettings = {
				ALWAYS_SEARCH_USER_PATHS = NO;
				CLANG_CXX_LANGUAGE_STANDARD = "gnu++0x";
				CLANG_CXX_LIBRARY = "libc++";
				CLANG_ENABLE_OBJC_ARC = YES;
				CLANG_WARN_CONSTANT_CONVERSION = YES;
				CLANG_WARN_EMPTY_BODY = YES;
				CLANG_WARN_ENUM_CONVERSION = YES;
				CLANG_WARN_INT_CONVERSION = YES;
				CLANG_WARN__DUPLICATE_METHOD_MATCH = YES;
				"CODE_SIGN_IDENTITY[sdk=iphoneos*]" = "iPhone Developer";
				COPY_PHASE_STRIP = YES;
				GCC_C_LANGUAGE_STANDARD = gnu99;
				GCC_WARN_ABOUT_RETURN_TYPE = YES;
				GCC_WARN_UNINITIALIZED_AUTOS = YES;
				GCC_WARN_UNUSED_VARIABLE = YES;
				IPHONEOS_DEPLOYMENT_TARGET = 6.1;
				OTHER_CFLAGS = "-DNS_BLOCK_ASSERTIONS=1";
				SDKROOT = iphoneos;
				VALIDATE_PRODUCT = YES;
			};
			name = Release;
		};
		2CC1AE3F17F9CDC600CC6D12 /* Debug */ = {
			isa = XCBuildConfiguration;
			buildSettings = {
				GCC_PRECOMPILE_PREFIX_HEADER = YES;
				GCC_PREFIX_HEADER = "resttest/resttest-Prefix.pch";
				INFOPLIST_FILE = "resttest/resttest-Info.plist";
				PRODUCT_NAME = "$(TARGET_NAME)";
				WRAPPER_EXTENSION = app;
			};
			name = Debug;
		};
		2CC1AE4017F9CDC600CC6D12 /* Release */ = {
			isa = XCBuildConfiguration;
			buildSettings = {
				GCC_PRECOMPILE_PREFIX_HEADER = YES;
				GCC_PREFIX_HEADER = "resttest/resttest-Prefix.pch";
				INFOPLIST_FILE = "resttest/resttest-Info.plist";
				PRODUCT_NAME = "$(TARGET_NAME)";
				WRAPPER_EXTENSION = app;
			};
			name = Release;
		};
		2CC1AE4217F9CDC600CC6D12 /* Debug */ = {
			isa = XCBuildConfiguration;
			buildSettings = {
				BUNDLE_LOADER = "$(BUILT_PRODUCTS_DIR)/resttest.app/resttest";
				FRAMEWORK_SEARCH_PATHS = (
					"\"$(SDKROOT)/Developer/Library/Frameworks\"",
					"\"$(DEVELOPER_LIBRARY_DIR)/Frameworks\"",
				);
				GCC_PRECOMPILE_PREFIX_HEADER = YES;
				GCC_PREFIX_HEADER = "resttest/resttest-Prefix.pch";
				INFOPLIST_FILE = "resttestTests/resttestTests-Info.plist";
				PRODUCT_NAME = "$(TARGET_NAME)";
				TEST_HOST = "$(BUNDLE_LOADER)";
				WRAPPER_EXTENSION = octest;
			};
			name = Debug;
		};
		2CC1AE4317F9CDC600CC6D12 /* Release */ = {
			isa = XCBuildConfiguration;
			buildSettings = {
				BUNDLE_LOADER = "$(BUILT_PRODUCTS_DIR)/resttest.app/resttest";
				FRAMEWORK_SEARCH_PATHS = (
					"\"$(SDKROOT)/Developer/Library/Frameworks\"",
					"\"$(DEVELOPER_LIBRARY_DIR)/Frameworks\"",
				);
				GCC_PRECOMPILE_PREFIX_HEADER = YES;
				GCC_PREFIX_HEADER = "resttest/resttest-Prefix.pch";
				INFOPLIST_FILE = "resttestTests/resttestTests-Info.plist";
				PRODUCT_NAME = "$(TARGET_NAME)";
				TEST_HOST = "$(BUNDLE_LOADER)";
				WRAPPER_EXTENSION = octest;
			};
			name = Release;
		};
/* End XCBuildConfiguration section */

/* Begin XCConfigurationList section */
		2CC1AE0117F9CDC500CC6D12 /* Build configuration list for PBXProject "resttest" */ = {
			isa = XCConfigurationList;
			buildConfigurations = (
				2CC1AE3C17F9CDC600CC6D12 /* Debug */,
				2CC1AE3D17F9CDC600CC6D12 /* Release */,
			);
			defaultConfigurationIsVisible = 0;
			defaultConfigurationName = Release;
		};
		2CC1AE3E17F9CDC600CC6D12 /* Build configuration list for PBXNativeTarget "resttest" */ = {
			isa = XCConfigurationList;
			buildConfigurations = (
				2CC1AE3F17F9CDC600CC6D12 /* Debug */,
				2CC1AE4017F9CDC600CC6D12 /* Release */,
			);
			defaultConfigurationIsVisible = 0;
		};
		2CC1AE4117F9CDC600CC6D12 /* Build configuration list for PBXNativeTarget "resttestTests" */ = {
			isa = XCConfigurationList;
			buildConfigurations = (
				2CC1AE4217F9CDC600CC6D12 /* Debug */,
				2CC1AE4317F9CDC600CC6D12 /* Release */,
			);
			defaultConfigurationIsVisible = 0;
		};
/* End XCConfigurationList section */
	};
	rootObject = 2CC1ADFE17F9CDC500CC6D12 /* Project object */;
}
